// !$*UTF8*$!
{
	archiveVersion = 1;
	classes = {
	};
	objectVersion = 56;
	objects = {

/* Begin PBXBuildFile section */
		630578B52DC7C3C00063CD7D /* CinemaApp.swift in Sources */ = {isa = PBXBuildFile; fileRef = 630578B42DC7C3C00063CD7D /* CinemaApp.swift */; };
		630578B72DC7C3C00063CD7D /* ContentView.swift in Sources */ = {isa = PBXBuildFile; fileRef = 630578B62DC7C3C00063CD7D /* ContentView.swift */; };
		630578B92DC7C3C80063CD7D /* Assets.xcassets in Resources */ = {isa = PBXBuildFile; fileRef = 630578B82DC7C3C80063CD7D /* Assets.xcassets */; };
		630578BC2DC7C3C80063CD7D /* Preview Assets.xcassets in Resources */ = {isa = PBXBuildFile; fileRef = 630578BB2DC7C3C80063CD7D /* Preview Assets.xcassets */; };
		630578C62DC7C3C90063CD7D /* CinemaAppTests.swift in Sources */ = {isa = PBXBuildFile; fileRef = 630578C52DC7C3C90063CD7D /* CinemaAppTests.swift */; };
		630578D02DC7C3C90063CD7D /* CinemaAppUITests.swift in Sources */ = {isa = PBXBuildFile; fileRef = 630578CF2DC7C3C90063CD7D /* CinemaAppUITests.swift */; };
		630578D22DC7C3C90063CD7D /* CinemaAppUITestsLaunchTests.swift in Sources */ = {isa = PBXBuildFile; fileRef = 630578D12DC7C3C90063CD7D /* CinemaAppUITestsLaunchTests.swift */; };
		630578E12DC8FE2D0063CD7D /* Movie.swift in Sources */ = {isa = PBXBuildFile; fileRef = 630578E02DC8FE2D0063CD7D /* Movie.swift */; };
		630578E32DC8FE350063CD7D /* Booking.swift in Sources */ = {isa = PBXBuildFile; fileRef = 630578E22DC8FE350063CD7D /* Booking.swift */; };
		630578E52DC8FE4E0063CD7D /* User.swift in Sources */ = {isa = PBXBuildFile; fileRef = 630578E42DC8FE4E0063CD7D /* User.swift */; };
		630578E72DC900440063CD7D /* HomePage.swift in Sources */ = {isa = PBXBuildFile; fileRef = 630578E62DC900440063CD7D /* HomePage.swift */; };
		630578E92DC900500063CD7D /* MoviePage.swift in Sources */ = {isa = PBXBuildFile; fileRef = 630578E82DC900500063CD7D /* MoviePage.swift */; };
		630578EB2DC900680063CD7D /* SeatPage.swift in Sources */ = {isa = PBXBuildFile; fileRef = 630578EA2DC900680063CD7D /* SeatPage.swift */; };
		630578ED2DC900750063CD7D /* BookingsPage.swift in Sources */ = {isa = PBXBuildFile; fileRef = 630578EC2DC900750063CD7D /* BookingsPage.swift */; };
		630578F02DC901560063CD7D /* movieData.json in Resources */ = {isa = PBXBuildFile; fileRef = 630578EF2DC901560063CD7D /* movieData.json */; };
		630578F22DC903440063CD7D /* ModelData.swift in Sources */ = {isa = PBXBuildFile; fileRef = 630578F12DC903440063CD7D /* ModelData.swift */; };
		A26CD6362DD22E25007CBDFB /* BookingDetailPage.swift in Sources */ = {isa = PBXBuildFile; fileRef = A26CD6352DD22E24007CBDFB /* BookingDetailPage.swift */; };
		AC6144562DD363A400F6F122 /* PaymentPage.swift in Sources */ = {isa = PBXBuildFile; fileRef = AC6144552DD363A400F6F122 /* PaymentPage.swift */; };
/* End PBXBuildFile section */

/* Begin PBXContainerItemProxy section */
		630578C22DC7C3C90063CD7D /* PBXContainerItemProxy */ = {
			isa = PBXContainerItemProxy;
			containerPortal = 630578A92DC7C3C00063CD7D /* Project object */;
			proxyType = 1;
			remoteGlobalIDString = 630578B02DC7C3C00063CD7D;
			remoteInfo = CinemaApp;
		};
		630578CC2DC7C3C90063CD7D /* PBXContainerItemProxy */ = {
			isa = PBXContainerItemProxy;
			containerPortal = 630578A92DC7C3C00063CD7D /* Project object */;
			proxyType = 1;
			remoteGlobalIDString = 630578B02DC7C3C00063CD7D;
			remoteInfo = CinemaApp;
		};
/* End PBXContainerItemProxy section */

/* Begin PBXFileReference section */
		630578B12DC7C3C00063CD7D /* CinemaApp.app */ = {isa = PBXFileReference; explicitFileType = wrapper.application; includeInIndex = 0; path = CinemaApp.app; sourceTree = BUILT_PRODUCTS_DIR; };
		630578B42DC7C3C00063CD7D /* CinemaApp.swift */ = {isa = PBXFileReference; lastKnownFileType = sourcecode.swift; path = CinemaApp.swift; sourceTree = "<group>"; };
		630578B62DC7C3C00063CD7D /* ContentView.swift */ = {isa = PBXFileReference; lastKnownFileType = sourcecode.swift; path = ContentView.swift; sourceTree = "<group>"; };
		630578B82DC7C3C80063CD7D /* Assets.xcassets */ = {isa = PBXFileReference; lastKnownFileType = folder.assetcatalog; path = Assets.xcassets; sourceTree = "<group>"; };
		630578BB2DC7C3C80063CD7D /* Preview Assets.xcassets */ = {isa = PBXFileReference; lastKnownFileType = folder.assetcatalog; path = "Preview Assets.xcassets"; sourceTree = "<group>"; };
		630578C12DC7C3C90063CD7D /* CinemaAppTests.xctest */ = {isa = PBXFileReference; explicitFileType = wrapper.cfbundle; includeInIndex = 0; path = CinemaAppTests.xctest; sourceTree = BUILT_PRODUCTS_DIR; };
		630578C52DC7C3C90063CD7D /* CinemaAppTests.swift */ = {isa = PBXFileReference; lastKnownFileType = sourcecode.swift; path = CinemaAppTests.swift; sourceTree = "<group>"; };
		630578CB2DC7C3C90063CD7D /* CinemaAppUITests.xctest */ = {isa = PBXFileReference; explicitFileType = wrapper.cfbundle; includeInIndex = 0; path = CinemaAppUITests.xctest; sourceTree = BUILT_PRODUCTS_DIR; };
		630578CF2DC7C3C90063CD7D /* CinemaAppUITests.swift */ = {isa = PBXFileReference; lastKnownFileType = sourcecode.swift; path = CinemaAppUITests.swift; sourceTree = "<group>"; };
		630578D12DC7C3C90063CD7D /* CinemaAppUITestsLaunchTests.swift */ = {isa = PBXFileReference; lastKnownFileType = sourcecode.swift; path = CinemaAppUITestsLaunchTests.swift; sourceTree = "<group>"; };
		630578E02DC8FE2D0063CD7D /* Movie.swift */ = {isa = PBXFileReference; lastKnownFileType = sourcecode.swift; path = Movie.swift; sourceTree = "<group>"; };
		630578E22DC8FE350063CD7D /* Booking.swift */ = {isa = PBXFileReference; lastKnownFileType = sourcecode.swift; path = Booking.swift; sourceTree = "<group>"; };
		630578E42DC8FE4E0063CD7D /* User.swift */ = {isa = PBXFileReference; lastKnownFileType = sourcecode.swift; path = User.swift; sourceTree = "<group>"; };
		630578E62DC900440063CD7D /* HomePage.swift */ = {isa = PBXFileReference; lastKnownFileType = sourcecode.swift; path = HomePage.swift; sourceTree = "<group>"; };
		630578E82DC900500063CD7D /* MoviePage.swift */ = {isa = PBXFileReference; lastKnownFileType = sourcecode.swift; path = MoviePage.swift; sourceTree = "<group>"; };
		630578EA2DC900680063CD7D /* SeatPage.swift */ = {isa = PBXFileReference; lastKnownFileType = sourcecode.swift; path = SeatPage.swift; sourceTree = "<group>"; };
		630578EC2DC900750063CD7D /* BookingsPage.swift */ = {isa = PBXFileReference; lastKnownFileType = sourcecode.swift; path = BookingsPage.swift; sourceTree = "<group>"; };
		630578EF2DC901560063CD7D /* movieData.json */ = {isa = PBXFileReference; lastKnownFileType = text.json; path = movieData.json; sourceTree = "<group>"; };
		630578F12DC903440063CD7D /* ModelData.swift */ = {isa = PBXFileReference; lastKnownFileType = sourcecode.swift; path = ModelData.swift; sourceTree = "<group>"; };
		A26CD6352DD22E24007CBDFB /* BookingDetailPage.swift */ = {isa = PBXFileReference; lastKnownFileType = sourcecode.swift; path = BookingDetailPage.swift; sourceTree = "<group>"; };
		AC6144552DD363A400F6F122 /* PaymentPage.swift */ = {isa = PBXFileReference; lastKnownFileType = sourcecode.swift; path = PaymentPage.swift; sourceTree = "<group>"; };
/* End PBXFileReference section */

/* Begin PBXFrameworksBuildPhase section */
		630578AE2DC7C3C00063CD7D /* Frameworks */ = {
			isa = PBXFrameworksBuildPhase;
			buildActionMask = 2147483647;
			files = (
			);
			runOnlyForDeploymentPostprocessing = 0;
		};
		630578BE2DC7C3C90063CD7D /* Frameworks */ = {
			isa = PBXFrameworksBuildPhase;
			buildActionMask = 2147483647;
			files = (
			);
			runOnlyForDeploymentPostprocessing = 0;
		};
		630578C82DC7C3C90063CD7D /* Frameworks */ = {
			isa = PBXFrameworksBuildPhase;
			buildActionMask = 2147483647;
			files = (
			);
			runOnlyForDeploymentPostprocessing = 0;
		};
/* End PBXFrameworksBuildPhase section */

/* Begin PBXGroup section */
		630578A82DC7C3C00063CD7D = {
			isa = PBXGroup;
			children = (
				630578B32DC7C3C00063CD7D /* CinemaApp */,
				630578C42DC7C3C90063CD7D /* CinemaAppTests */,
				630578CE2DC7C3C90063CD7D /* CinemaAppUITests */,
				630578B22DC7C3C00063CD7D /* Products */,
			);
			sourceTree = "<group>";
		};
		630578B22DC7C3C00063CD7D /* Products */ = {
			isa = PBXGroup;
			children = (
				630578B12DC7C3C00063CD7D /* CinemaApp.app */,
				630578C12DC7C3C90063CD7D /* CinemaAppTests.xctest */,
				630578CB2DC7C3C90063CD7D /* CinemaAppUITests.xctest */,
			);
			name = Products;
			sourceTree = "<group>";
		};
		630578B32DC7C3C00063CD7D /* CinemaApp */ = {
			isa = PBXGroup;
			children = (
				630578EE2DC900B30063CD7D /* ViewModel */,
				630578DF2DC8FDF30063CD7D /* View */,
				630578DE2DC8FDE80063CD7D /* Model */,
				630578B82DC7C3C80063CD7D /* Assets.xcassets */,
				630578BA2DC7C3C80063CD7D /* Preview Content */,
			);
			path = CinemaApp;
			sourceTree = "<group>";
		};
		630578BA2DC7C3C80063CD7D /* Preview Content */ = {
			isa = PBXGroup;
			children = (
				630578BB2DC7C3C80063CD7D /* Preview Assets.xcassets */,
			);
			path = "Preview Content";
			sourceTree = "<group>";
		};
		630578C42DC7C3C90063CD7D /* CinemaAppTests */ = {
			isa = PBXGroup;
			children = (
				630578C52DC7C3C90063CD7D /* CinemaAppTests.swift */,
			);
			path = CinemaAppTests;
			sourceTree = "<group>";
		};
		630578CE2DC7C3C90063CD7D /* CinemaAppUITests */ = {
			isa = PBXGroup;
			children = (
				630578CF2DC7C3C90063CD7D /* CinemaAppUITests.swift */,
				630578D12DC7C3C90063CD7D /* CinemaAppUITestsLaunchTests.swift */,
			);
			path = CinemaAppUITests;
			sourceTree = "<group>";
		};
		630578DE2DC8FDE80063CD7D /* Model */ = {
			isa = PBXGroup;
			children = (
				630578E02DC8FE2D0063CD7D /* Movie.swift */,
				630578E22DC8FE350063CD7D /* Booking.swift */,
				630578E42DC8FE4E0063CD7D /* User.swift */,
				630578F12DC903440063CD7D /* ModelData.swift */,
			);
			path = Model;
			sourceTree = "<group>";
		};
		630578DF2DC8FDF30063CD7D /* View */ = {
			isa = PBXGroup;
			children = (
				630578B42DC7C3C00063CD7D /* CinemaApp.swift */,
				630578B62DC7C3C00063CD7D /* ContentView.swift */,
				630578E62DC900440063CD7D /* HomePage.swift */,
				630578E82DC900500063CD7D /* MoviePage.swift */,
				630578EA2DC900680063CD7D /* SeatPage.swift */,
				AC6144552DD363A400F6F122 /* PaymentPage.swift */,
				630578EC2DC900750063CD7D /* BookingsPage.swift */,
				A26CD6352DD22E24007CBDFB /* BookingDetailPage.swift */,
			);
			path = View;
			sourceTree = "<group>";
		};
		630578EE2DC900B30063CD7D /* ViewModel */ = {
			isa = PBXGroup;
			children = (
				630578EF2DC901560063CD7D /* movieData.json */,
			);
			path = ViewModel;
			sourceTree = "<group>";
		};
/* End PBXGroup section */

/* Begin PBXNativeTarget section */
		630578B02DC7C3C00063CD7D /* CinemaApp */ = {
			isa = PBXNativeTarget;
			buildConfigurationList = 630578D52DC7C3C90063CD7D /* Build configuration list for PBXNativeTarget "CinemaApp" */;
			buildPhases = (
				630578AD2DC7C3C00063CD7D /* Sources */,
				630578AE2DC7C3C00063CD7D /* Frameworks */,
				630578AF2DC7C3C00063CD7D /* Resources */,
			);
			buildRules = (
			);
			dependencies = (
			);
			name = CinemaApp;
			productName = CinemaApp;
			productReference = 630578B12DC7C3C00063CD7D /* CinemaApp.app */;
			productType = "com.apple.product-type.application";
		};
		630578C02DC7C3C90063CD7D /* CinemaAppTests */ = {
			isa = PBXNativeTarget;
			buildConfigurationList = 630578D82DC7C3C90063CD7D /* Build configuration list for PBXNativeTarget "CinemaAppTests" */;
			buildPhases = (
				630578BD2DC7C3C90063CD7D /* Sources */,
				630578BE2DC7C3C90063CD7D /* Frameworks */,
				630578BF2DC7C3C90063CD7D /* Resources */,
			);
			buildRules = (
			);
			dependencies = (
				630578C32DC7C3C90063CD7D /* PBXTargetDependency */,
			);
			name = CinemaAppTests;
			productName = CinemaAppTests;
			productReference = 630578C12DC7C3C90063CD7D /* CinemaAppTests.xctest */;
			productType = "com.apple.product-type.bundle.unit-test";
		};
		630578CA2DC7C3C90063CD7D /* CinemaAppUITests */ = {
			isa = PBXNativeTarget;
			buildConfigurationList = 630578DB2DC7C3C90063CD7D /* Build configuration list for PBXNativeTarget "CinemaAppUITests" */;
			buildPhases = (
				630578C72DC7C3C90063CD7D /* Sources */,
				630578C82DC7C3C90063CD7D /* Frameworks */,
				630578C92DC7C3C90063CD7D /* Resources */,
			);
			buildRules = (
			);
			dependencies = (
				630578CD2DC7C3C90063CD7D /* PBXTargetDependency */,
			);
			name = CinemaAppUITests;
			productName = CinemaAppUITests;
			productReference = 630578CB2DC7C3C90063CD7D /* CinemaAppUITests.xctest */;
			productType = "com.apple.product-type.bundle.ui-testing";
		};
/* End PBXNativeTarget section */

/* Begin PBXProject section */
		630578A92DC7C3C00063CD7D /* Project object */ = {
			isa = PBXProject;
			attributes = {
				BuildIndependentTargetsInParallel = 1;
				LastSwiftUpdateCheck = 1420;
				LastUpgradeCheck = 1620;
				TargetAttributes = {
					630578B02DC7C3C00063CD7D = {
						CreatedOnToolsVersion = 14.2;
					};
					630578C02DC7C3C90063CD7D = {
						CreatedOnToolsVersion = 14.2;
						TestTargetID = 630578B02DC7C3C00063CD7D;
					};
					630578CA2DC7C3C90063CD7D = {
						CreatedOnToolsVersion = 14.2;
						TestTargetID = 630578B02DC7C3C00063CD7D;
					};
				};
			};
			buildConfigurationList = 630578AC2DC7C3C00063CD7D /* Build configuration list for PBXProject "CinemaApp" */;
			compatibilityVersion = "Xcode 14.0";
			developmentRegion = en;
			hasScannedForEncodings = 0;
			knownRegions = (
				en,
				Base,
			);
			mainGroup = 630578A82DC7C3C00063CD7D;
			productRefGroup = 630578B22DC7C3C00063CD7D /* Products */;
			projectDirPath = "";
			projectRoot = "";
			targets = (
				630578B02DC7C3C00063CD7D /* CinemaApp */,
				630578C02DC7C3C90063CD7D /* CinemaAppTests */,
				630578CA2DC7C3C90063CD7D /* CinemaAppUITests */,
			);
		};
/* End PBXProject section */

/* Begin PBXResourcesBuildPhase section */
		630578AF2DC7C3C00063CD7D /* Resources */ = {
			isa = PBXResourcesBuildPhase;
			buildActionMask = 2147483647;
			files = (
				630578F02DC901560063CD7D /* movieData.json in Resources */,
				630578BC2DC7C3C80063CD7D /* Preview Assets.xcassets in Resources */,
				630578B92DC7C3C80063CD7D /* Assets.xcassets in Resources */,
			);
			runOnlyForDeploymentPostprocessing = 0;
		};
		630578BF2DC7C3C90063CD7D /* Resources */ = {
			isa = PBXResourcesBuildPhase;
			buildActionMask = 2147483647;
			files = (
			);
			runOnlyForDeploymentPostprocessing = 0;
		};
		630578C92DC7C3C90063CD7D /* Resources */ = {
			isa = PBXResourcesBuildPhase;
			buildActionMask = 2147483647;
			files = (
			);
			runOnlyForDeploymentPostprocessing = 0;
		};
/* End PBXResourcesBuildPhase section */

/* Begin PBXSourcesBuildPhase section */
		630578AD2DC7C3C00063CD7D /* Sources */ = {
			isa = PBXSourcesBuildPhase;
			buildActionMask = 2147483647;
			files = (
				630578B72DC7C3C00063CD7D /* ContentView.swift in Sources */,
				630578E72DC900440063CD7D /* HomePage.swift in Sources */,
				630578E32DC8FE350063CD7D /* Booking.swift in Sources */,
				AC6144562DD363A400F6F122 /* PaymentPage.swift in Sources */,
				630578EB2DC900680063CD7D /* SeatPage.swift in Sources */,
				630578B52DC7C3C00063CD7D /* CinemaApp.swift in Sources */,
				630578E52DC8FE4E0063CD7D /* User.swift in Sources */,
				630578E92DC900500063CD7D /* MoviePage.swift in Sources */,
				A26CD6362DD22E25007CBDFB /* BookingDetailPage.swift in Sources */,
				630578F22DC903440063CD7D /* ModelData.swift in Sources */,
				630578ED2DC900750063CD7D /* BookingsPage.swift in Sources */,
				630578E12DC8FE2D0063CD7D /* Movie.swift in Sources */,
			);
			runOnlyForDeploymentPostprocessing = 0;
		};
		630578BD2DC7C3C90063CD7D /* Sources */ = {
			isa = PBXSourcesBuildPhase;
			buildActionMask = 2147483647;
			files = (
				630578C62DC7C3C90063CD7D /* CinemaAppTests.swift in Sources */,
			);
			runOnlyForDeploymentPostprocessing = 0;
		};
		630578C72DC7C3C90063CD7D /* Sources */ = {
			isa = PBXSourcesBuildPhase;
			buildActionMask = 2147483647;
			files = (
				630578D02DC7C3C90063CD7D /* CinemaAppUITests.swift in Sources */,
				630578D22DC7C3C90063CD7D /* CinemaAppUITestsLaunchTests.swift in Sources */,
			);
			runOnlyForDeploymentPostprocessing = 0;
		};
/* End PBXSourcesBuildPhase section */

/* Begin PBXTargetDependency section */
		630578C32DC7C3C90063CD7D /* PBXTargetDependency */ = {
			isa = PBXTargetDependency;
			target = 630578B02DC7C3C00063CD7D /* CinemaApp */;
			targetProxy = 630578C22DC7C3C90063CD7D /* PBXContainerItemProxy */;
		};
		630578CD2DC7C3C90063CD7D /* PBXTargetDependency */ = {
			isa = PBXTargetDependency;
			target = 630578B02DC7C3C00063CD7D /* CinemaApp */;
			targetProxy = 630578CC2DC7C3C90063CD7D /* PBXContainerItemProxy */;
		};
/* End PBXTargetDependency section */

/* Begin XCBuildConfiguration section */
		630578D32DC7C3C90063CD7D /* Debug */ = {
			isa = XCBuildConfiguration;
			buildSettings = {
				ALWAYS_SEARCH_USER_PATHS = NO;
				CLANG_ANALYZER_NONNULL = YES;
				CLANG_ANALYZER_NUMBER_OBJECT_CONVERSION = YES_AGGRESSIVE;
				CLANG_CXX_LANGUAGE_STANDARD = "gnu++20";
				CLANG_ENABLE_MODULES = YES;
				CLANG_ENABLE_OBJC_ARC = YES;
				CLANG_ENABLE_OBJC_WEAK = YES;
				CLANG_WARN_BLOCK_CAPTURE_AUTORELEASING = YES;
				CLANG_WARN_BOOL_CONVERSION = YES;
				CLANG_WARN_COMMA = YES;
				CLANG_WARN_CONSTANT_CONVERSION = YES;
				CLANG_WARN_DEPRECATED_OBJC_IMPLEMENTATIONS = YES;
				CLANG_WARN_DIRECT_OBJC_ISA_USAGE = YES_ERROR;
				CLANG_WARN_DOCUMENTATION_COMMENTS = YES;
				CLANG_WARN_EMPTY_BODY = YES;
				CLANG_WARN_ENUM_CONVERSION = YES;
				CLANG_WARN_INFINITE_RECURSION = YES;
				CLANG_WARN_INT_CONVERSION = YES;
				CLANG_WARN_NON_LITERAL_NULL_CONVERSION = YES;
				CLANG_WARN_OBJC_IMPLICIT_RETAIN_SELF = YES;
				CLANG_WARN_OBJC_LITERAL_CONVERSION = YES;
				CLANG_WARN_OBJC_ROOT_CLASS = YES_ERROR;
				CLANG_WARN_QUOTED_INCLUDE_IN_FRAMEWORK_HEADER = YES;
				CLANG_WARN_RANGE_LOOP_ANALYSIS = YES;
				CLANG_WARN_STRICT_PROTOTYPES = YES;
				CLANG_WARN_SUSPICIOUS_MOVE = YES;
				CLANG_WARN_UNGUARDED_AVAILABILITY = YES_AGGRESSIVE;
				CLANG_WARN_UNREACHABLE_CODE = YES;
				CLANG_WARN__DUPLICATE_METHOD_MATCH = YES;
				COPY_PHASE_STRIP = NO;
				DEBUG_INFORMATION_FORMAT = dwarf;
				ENABLE_STRICT_OBJC_MSGSEND = YES;
				ENABLE_TESTABILITY = YES;
				ENABLE_USER_SCRIPT_SANDBOXING = YES;
				GCC_C_LANGUAGE_STANDARD = gnu11;
				GCC_DYNAMIC_NO_PIC = NO;
				GCC_NO_COMMON_BLOCKS = YES;
				GCC_OPTIMIZATION_LEVEL = 0;
				GCC_PREPROCESSOR_DEFINITIONS = (
					"DEBUG=1",
					"$(inherited)",
				);
				GCC_WARN_64_TO_32_BIT_CONVERSION = YES;
				GCC_WARN_ABOUT_RETURN_TYPE = YES_ERROR;
				GCC_WARN_UNDECLARED_SELECTOR = YES;
				GCC_WARN_UNINITIALIZED_AUTOS = YES_AGGRESSIVE;
				GCC_WARN_UNUSED_FUNCTION = YES;
				GCC_WARN_UNUSED_VARIABLE = YES;
				IPHONEOS_DEPLOYMENT_TARGET = 16.2;
				MTL_ENABLE_DEBUG_INFO = INCLUDE_SOURCE;
				MTL_FAST_MATH = YES;
				ONLY_ACTIVE_ARCH = YES;
				SDKROOT = iphoneos;
				SWIFT_ACTIVE_COMPILATION_CONDITIONS = DEBUG;
				SWIFT_OPTIMIZATION_LEVEL = "-Onone";
			};
			name = Debug;
		};
		630578D42DC7C3C90063CD7D /* Release */ = {
			isa = XCBuildConfiguration;
			buildSettings = {
				ALWAYS_SEARCH_USER_PATHS = NO;
				CLANG_ANALYZER_NONNULL = YES;
				CLANG_ANALYZER_NUMBER_OBJECT_CONVERSION = YES_AGGRESSIVE;
				CLANG_CXX_LANGUAGE_STANDARD = "gnu++20";
				CLANG_ENABLE_MODULES = YES;
				CLANG_ENABLE_OBJC_ARC = YES;
				CLANG_ENABLE_OBJC_WEAK = YES;
				CLANG_WARN_BLOCK_CAPTURE_AUTORELEASING = YES;
				CLANG_WARN_BOOL_CONVERSION = YES;
				CLANG_WARN_COMMA = YES;
				CLANG_WARN_CONSTANT_CONVERSION = YES;
				CLANG_WARN_DEPRECATED_OBJC_IMPLEMENTATIONS = YES;
				CLANG_WARN_DIRECT_OBJC_ISA_USAGE = YES_ERROR;
				CLANG_WARN_DOCUMENTATION_COMMENTS = YES;
				CLANG_WARN_EMPTY_BODY = YES;
				CLANG_WARN_ENUM_CONVERSION = YES;
				CLANG_WARN_INFINITE_RECURSION = YES;
				CLANG_WARN_INT_CONVERSION = YES;
				CLANG_WARN_NON_LITERAL_NULL_CONVERSION = YES;
				CLANG_WARN_OBJC_IMPLICIT_RETAIN_SELF = YES;
				CLANG_WARN_OBJC_LITERAL_CONVERSION = YES;
				CLANG_WARN_OBJC_ROOT_CLASS = YES_ERROR;
				CLANG_WARN_QUOTED_INCLUDE_IN_FRAMEWORK_HEADER = YES;
				CLANG_WARN_RANGE_LOOP_ANALYSIS = YES;
				CLANG_WARN_STRICT_PROTOTYPES = YES;
				CLANG_WARN_SUSPICIOUS_MOVE = YES;
				CLANG_WARN_UNGUARDED_AVAILABILITY = YES_AGGRESSIVE;
				CLANG_WARN_UNREACHABLE_CODE = YES;
				CLANG_WARN__DUPLICATE_METHOD_MATCH = YES;
				COPY_PHASE_STRIP = NO;
				DEBUG_INFORMATION_FORMAT = "dwarf-with-dsym";
				ENABLE_NS_ASSERTIONS = NO;
				ENABLE_STRICT_OBJC_MSGSEND = YES;
				ENABLE_USER_SCRIPT_SANDBOXING = YES;
				GCC_C_LANGUAGE_STANDARD = gnu11;
				GCC_NO_COMMON_BLOCKS = YES;
				GCC_WARN_64_TO_32_BIT_CONVERSION = YES;
				GCC_WARN_ABOUT_RETURN_TYPE = YES_ERROR;
				GCC_WARN_UNDECLARED_SELECTOR = YES;
				GCC_WARN_UNINITIALIZED_AUTOS = YES_AGGRESSIVE;
				GCC_WARN_UNUSED_FUNCTION = YES;
				GCC_WARN_UNUSED_VARIABLE = YES;
				IPHONEOS_DEPLOYMENT_TARGET = 16.2;
				MTL_ENABLE_DEBUG_INFO = NO;
				MTL_FAST_MATH = YES;
				SDKROOT = iphoneos;
				SWIFT_COMPILATION_MODE = wholemodule;
				SWIFT_OPTIMIZATION_LEVEL = "-O";
				VALIDATE_PRODUCT = YES;
			};
			name = Release;
		};
		630578D62DC7C3C90063CD7D /* Debug */ = {
			isa = XCBuildConfiguration;
			buildSettings = {
				ASSETCATALOG_COMPILER_APPICON_NAME = AppIcon;
				ASSETCATALOG_COMPILER_GLOBAL_ACCENT_COLOR_NAME = AccentColor;
				CODE_SIGN_STYLE = Automatic;
				CURRENT_PROJECT_VERSION = 1;
				DEVELOPMENT_ASSET_PATHS = "\"CinemaApp/Preview Content\"";
				ENABLE_PREVIEWS = YES;
				GENERATE_INFOPLIST_FILE = YES;
				INFOPLIST_KEY_UIApplicationSceneManifest_Generation = YES;
				INFOPLIST_KEY_UIApplicationSupportsIndirectInputEvents = YES;
				INFOPLIST_KEY_UILaunchScreen_Generation = YES;
				INFOPLIST_KEY_UISupportedInterfaceOrientations_iPad = "UIInterfaceOrientationPortrait UIInterfaceOrientationPortraitUpsideDown UIInterfaceOrientationLandscapeLeft UIInterfaceOrientationLandscapeRight";
				INFOPLIST_KEY_UISupportedInterfaceOrientations_iPhone = "UIInterfaceOrientationPortrait UIInterfaceOrientationLandscapeLeft UIInterfaceOrientationLandscapeRight";
				LD_RUNPATH_SEARCH_PATHS = (
					"$(inherited)",
					"@executable_path/Frameworks",
				);
				MARKETING_VERSION = 1.0;
				PRODUCT_BUNDLE_IDENTIFIER = com.uts.CinemaApp;
				PRODUCT_NAME = "$(TARGET_NAME)";
				SWIFT_EMIT_LOC_STRINGS = YES;
				SWIFT_VERSION = 5.0;
				TARGETED_DEVICE_FAMILY = "1,2";
			};
			name = Debug;
		};
		630578D72DC7C3C90063CD7D /* Release */ = {
			isa = XCBuildConfiguration;
			buildSettings = {
				ASSETCATALOG_COMPILER_APPICON_NAME = AppIcon;
				ASSETCATALOG_COMPILER_GLOBAL_ACCENT_COLOR_NAME = AccentColor;
				CODE_SIGN_STYLE = Automatic;
				CURRENT_PROJECT_VERSION = 1;
				DEVELOPMENT_ASSET_PATHS = "\"CinemaApp/Preview Content\"";
				ENABLE_PREVIEWS = YES;
				GENERATE_INFOPLIST_FILE = YES;
				INFOPLIST_KEY_UIApplicationSceneManifest_Generation = YES;
				INFOPLIST_KEY_UIApplicationSupportsIndirectInputEvents = YES;
				INFOPLIST_KEY_UILaunchScreen_Generation = YES;
				INFOPLIST_KEY_UISupportedInterfaceOrientations_iPad = "UIInterfaceOrientationPortrait UIInterfaceOrientationPortraitUpsideDown UIInterfaceOrientationLandscapeLeft UIInterfaceOrientationLandscapeRight";
				INFOPLIST_KEY_UISupportedInterfaceOrientations_iPhone = "UIInterfaceOrientationPortrait UIInterfaceOrientationLandscapeLeft UIInterfaceOrientationLandscapeRight";
				LD_RUNPATH_SEARCH_PATHS = (
					"$(inherited)",
					"@executable_path/Frameworks",
				);
				MARKETING_VERSION = 1.0;
				PRODUCT_BUNDLE_IDENTIFIER = com.uts.CinemaApp;
				PRODUCT_NAME = "$(TARGET_NAME)";
				SWIFT_EMIT_LOC_STRINGS = YES;
				SWIFT_VERSION = 5.0;
				TARGETED_DEVICE_FAMILY = "1,2";
			};
			name = Release;
		};
		630578D92DC7C3C90063CD7D /* Debug */ = {
			isa = XCBuildConfiguration;
			buildSettings = {
				BUNDLE_LOADER = "$(TEST_HOST)";
				CODE_SIGN_STYLE = Automatic;
				CURRENT_PROJECT_VERSION = 1;
				GENERATE_INFOPLIST_FILE = YES;
				IPHONEOS_DEPLOYMENT_TARGET = 16.2;
				MARKETING_VERSION = 1.0;
				PRODUCT_BUNDLE_IDENTIFIER = com.uts.CinemaAppTests;
				PRODUCT_NAME = "$(TARGET_NAME)";
				SWIFT_EMIT_LOC_STRINGS = NO;
				SWIFT_VERSION = 5.0;
				TARGETED_DEVICE_FAMILY = "1,2";
				TEST_HOST = "$(BUILT_PRODUCTS_DIR)/CinemaApp.app/$(BUNDLE_EXECUTABLE_FOLDER_PATH)/CinemaApp";
			};
			name = Debug;
		};
		630578DA2DC7C3C90063CD7D /* Release */ = {
			isa = XCBuildConfiguration;
			buildSettings = {
				BUNDLE_LOADER = "$(TEST_HOST)";
				CODE_SIGN_STYLE = Automatic;
				CURRENT_PROJECT_VERSION = 1;
				GENERATE_INFOPLIST_FILE = YES;
				IPHONEOS_DEPLOYMENT_TARGET = 16.2;
				MARKETING_VERSION = 1.0;
				PRODUCT_BUNDLE_IDENTIFIER = com.uts.CinemaAppTests;
				PRODUCT_NAME = "$(TARGET_NAME)";
				SWIFT_EMIT_LOC_STRINGS = NO;
				SWIFT_VERSION = 5.0;
				TARGETED_DEVICE_FAMILY = "1,2";
				TEST_HOST = "$(BUILT_PRODUCTS_DIR)/CinemaApp.app/$(BUNDLE_EXECUTABLE_FOLDER_PATH)/CinemaApp";
			};
			name = Release;
		};
		630578DC2DC7C3C90063CD7D /* Debug */ = {
			isa = XCBuildConfiguration;
			buildSettings = {
				CODE_SIGN_STYLE = Automatic;
				CURRENT_PROJECT_VERSION = 1;
				GENERATE_INFOPLIST_FILE = YES;
				MARKETING_VERSION = 1.0;
				PRODUCT_BUNDLE_IDENTIFIER = com.uts.CinemaAppUITests;
				PRODUCT_NAME = "$(TARGET_NAME)";
				SWIFT_EMIT_LOC_STRINGS = NO;
				SWIFT_VERSION = 5.0;
				TARGETED_DEVICE_FAMILY = "1,2";
				TEST_TARGET_NAME = CinemaApp;
			};
			name = Debug;
		};
		630578DD2DC7C3C90063CD7D /* Release */ = {
			isa = XCBuildConfiguration;
			buildSettings = {
				CODE_SIGN_STYLE = Automatic;
				CURRENT_PROJECT_VERSION = 1;
				GENERATE_INFOPLIST_FILE = YES;
				MARKETING_VERSION = 1.0;
				PRODUCT_BUNDLE_IDENTIFIER = com.uts.CinemaAppUITests;
				PRODUCT_NAME = "$(TARGET_NAME)";
				SWIFT_EMIT_LOC_STRINGS = NO;
				SWIFT_VERSION = 5.0;
				TARGETED_DEVICE_FAMILY = "1,2";
				TEST_TARGET_NAME = CinemaApp;
			};
			name = Release;
		};
/* End XCBuildConfiguration section */

/* Begin XCConfigurationList section */
		630578AC2DC7C3C00063CD7D /* Build configuration list for PBXProject "CinemaApp" */ = {
			isa = XCConfigurationList;
			buildConfigurations = (
				630578D32DC7C3C90063CD7D /* Debug */,
				630578D42DC7C3C90063CD7D /* Release */,
			);
			defaultConfigurationIsVisible = 0;
			defaultConfigurationName = Release;
		};
		630578D52DC7C3C90063CD7D /* Build configuration list for PBXNativeTarget "CinemaApp" */ = {
			isa = XCConfigurationList;
			buildConfigurations = (
				630578D62DC7C3C90063CD7D /* Debug */,
				630578D72DC7C3C90063CD7D /* Release */,
			);
			defaultConfigurationIsVisible = 0;
			defaultConfigurationName = Release;
		};
		630578D82DC7C3C90063CD7D /* Build configuration list for PBXNativeTarget "CinemaAppTests" */ = {
			isa = XCConfigurationList;
			buildConfigurations = (
				630578D92DC7C3C90063CD7D /* Debug */,
				630578DA2DC7C3C90063CD7D /* Release */,
			);
			defaultConfigurationIsVisible = 0;
			defaultConfigurationName = Release;
		};
		630578DB2DC7C3C90063CD7D /* Build configuration list for PBXNativeTarget "CinemaAppUITests" */ = {
			isa = XCConfigurationList;
			buildConfigurations = (
				630578DC2DC7C3C90063CD7D /* Debug */,
				630578DD2DC7C3C90063CD7D /* Release */,
			);
			defaultConfigurationIsVisible = 0;
			defaultConfigurationName = Release;
		};
/* End XCConfigurationList section */
	};
	rootObject = 630578A92DC7C3C00063CD7D /* Project object */;
}
